// !$*UTF8*$!
{
	archiveVersion = 1;
	classes = {
	};
	objectVersion = 55;
	objects = {

/* Begin PBXBuildFile section */
		B813C1D628DF38E900B12D38 /* AppDelegate.swift in Sources */ = {isa = PBXBuildFile; fileRef = B813C1D528DF38E900B12D38 /* AppDelegate.swift */; };
		B813C1D828DF38E900B12D38 /* SceneDelegate.swift in Sources */ = {isa = PBXBuildFile; fileRef = B813C1D728DF38E900B12D38 /* SceneDelegate.swift */; };
		B813C1DA28DF38E900B12D38 /* ViewController.swift in Sources */ = {isa = PBXBuildFile; fileRef = B813C1D928DF38E900B12D38 /* ViewController.swift */; };
		B813C1DD28DF38E900B12D38 /* Main.storyboard in Resources */ = {isa = PBXBuildFile; fileRef = B813C1DB28DF38E900B12D38 /* Main.storyboard */; };
		B813C1DF28DF38EF00B12D38 /* Assets.xcassets in Resources */ = {isa = PBXBuildFile; fileRef = B813C1DE28DF38EF00B12D38 /* Assets.xcassets */; };
		B813C1E228DF38EF00B12D38 /* LaunchScreen.storyboard in Resources */ = {isa = PBXBuildFile; fileRef = B813C1E028DF38EF00B12D38 /* LaunchScreen.storyboard */; };
		B813C1ED28DF3A0E00B12D38 /* FirebaseAppCheck in Frameworks */ = {isa = PBXBuildFile; productRef = B813C1EC28DF3A0E00B12D38 /* FirebaseAppCheck */; };
		B813C1EF28DF3A0E00B12D38 /* FirebaseAuth in Frameworks */ = {isa = PBXBuildFile; productRef = B813C1EE28DF3A0E00B12D38 /* FirebaseAuth */; };
		B813C1F128DF3A0E00B12D38 /* FirebaseDatabase in Frameworks */ = {isa = PBXBuildFile; productRef = B813C1F028DF3A0E00B12D38 /* FirebaseDatabase */; };
		B813C1F328DF3A0E00B12D38 /* FirebaseDatabaseSwift in Frameworks */ = {isa = PBXBuildFile; productRef = B813C1F228DF3A0E00B12D38 /* FirebaseDatabaseSwift */; };
		B813C1F528DF3A0E00B12D38 /* FirebaseFirestore in Frameworks */ = {isa = PBXBuildFile; productRef = B813C1F428DF3A0E00B12D38 /* FirebaseFirestore */; };
		B813C1F728DF3A0E00B12D38 /* FirebaseFirestoreSwift in Frameworks */ = {isa = PBXBuildFile; productRef = B813C1F628DF3A0E00B12D38 /* FirebaseFirestoreSwift */; };
		B813C1F928DF3A0E00B12D38 /* FirebaseStorage in Frameworks */ = {isa = PBXBuildFile; productRef = B813C1F828DF3A0E00B12D38 /* FirebaseStorage */; };
		B813C1FB28DF3A0E00B12D38 /* FirebaseStorageCombine-Community in Frameworks */ = {isa = PBXBuildFile; productRef = B813C1FA28DF3A0E00B12D38 /* FirebaseStorageCombine-Community */; };
		B813C1FD28DF3DD100B12D38 /* FeedViewController.swift in Sources */ = {isa = PBXBuildFile; fileRef = B813C1FC28DF3DD100B12D38 /* FeedViewController.swift */; };
		B813C1FF28DF3DE000B12D38 /* UploadViewController.swift in Sources */ = {isa = PBXBuildFile; fileRef = B813C1FE28DF3DE000B12D38 /* UploadViewController.swift */; };
		B813C20128DF3DEC00B12D38 /* SettingsViewController.swift in Sources */ = {isa = PBXBuildFile; fileRef = B813C20028DF3DEC00B12D38 /* SettingsViewController.swift */; };
		B813C20328DF446500B12D38 /* GoogleService-Info.plist in Resources */ = {isa = PBXBuildFile; fileRef = B813C20228DF446500B12D38 /* GoogleService-Info.plist */; };
		B8D46D5A28E3797A0033DC83 /* SDWebImage in Frameworks */ = {isa = PBXBuildFile; productRef = B8D46D5928E3797A0033DC83 /* SDWebImage */; };
		B8D46D5C28E37C6D0033DC83 /* Cell.swift in Sources */ = {isa = PBXBuildFile; fileRef = B8D46D5B28E37C6D0033DC83 /* Cell.swift */; };
/* End PBXBuildFile section */

/* Begin PBXFileReference section */
		B813C1D228DF38E900B12D38 /* read-list.app */ = {isa = PBXFileReference; explicitFileType = wrapper.application; includeInIndex = 0; path = "read-list.app"; sourceTree = BUILT_PRODUCTS_DIR; };
		B813C1D528DF38E900B12D38 /* AppDelegate.swift */ = {isa = PBXFileReference; lastKnownFileType = sourcecode.swift; path = AppDelegate.swift; sourceTree = "<group>"; };
		B813C1D728DF38E900B12D38 /* SceneDelegate.swift */ = {isa = PBXFileReference; lastKnownFileType = sourcecode.swift; path = SceneDelegate.swift; sourceTree = "<group>"; };
		B813C1D928DF38E900B12D38 /* ViewController.swift */ = {isa = PBXFileReference; lastKnownFileType = sourcecode.swift; path = ViewController.swift; sourceTree = "<group>"; };
		B813C1DC28DF38E900B12D38 /* Base */ = {isa = PBXFileReference; lastKnownFileType = file.storyboard; name = Base; path = Base.lproj/Main.storyboard; sourceTree = "<group>"; };
		B813C1DE28DF38EF00B12D38 /* Assets.xcassets */ = {isa = PBXFileReference; lastKnownFileType = folder.assetcatalog; path = Assets.xcassets; sourceTree = "<group>"; };
		B813C1E128DF38EF00B12D38 /* Base */ = {isa = PBXFileReference; lastKnownFileType = file.storyboard; name = Base; path = Base.lproj/LaunchScreen.storyboard; sourceTree = "<group>"; };
		B813C1E328DF38EF00B12D38 /* Info.plist */ = {isa = PBXFileReference; lastKnownFileType = text.plist.xml; path = Info.plist; sourceTree = "<group>"; };
		B813C1FC28DF3DD100B12D38 /* FeedViewController.swift */ = {isa = PBXFileReference; lastKnownFileType = sourcecode.swift; path = FeedViewController.swift; sourceTree = "<group>"; };
		B813C1FE28DF3DE000B12D38 /* UploadViewController.swift */ = {isa = PBXFileReference; lastKnownFileType = sourcecode.swift; path = UploadViewController.swift; sourceTree = "<group>"; };
		B813C20028DF3DEC00B12D38 /* SettingsViewController.swift */ = {isa = PBXFileReference; lastKnownFileType = sourcecode.swift; path = SettingsViewController.swift; sourceTree = "<group>"; };
		B813C20228DF446500B12D38 /* GoogleService-Info.plist */ = {isa = PBXFileReference; fileEncoding = 4; lastKnownFileType = text.plist.xml; path = "GoogleService-Info.plist"; sourceTree = "<group>"; };
		B8D46D5B28E37C6D0033DC83 /* Cell.swift */ = {isa = PBXFileReference; lastKnownFileType = sourcecode.swift; path = Cell.swift; sourceTree = "<group>"; };
/* End PBXFileReference section */

/* Begin PBXFrameworksBuildPhase section */
		B813C1CF28DF38E900B12D38 /* Frameworks */ = {
			isa = PBXFrameworksBuildPhase;
			buildActionMask = 2147483647;
			files = (
				B813C1F328DF3A0E00B12D38 /* FirebaseDatabaseSwift in Frameworks */,
				B813C1F128DF3A0E00B12D38 /* FirebaseDatabase in Frameworks */,
				B813C1FB28DF3A0E00B12D38 /* FirebaseStorageCombine-Community in Frameworks */,
				B813C1ED28DF3A0E00B12D38 /* FirebaseAppCheck in Frameworks */,
				B813C1F528DF3A0E00B12D38 /* FirebaseFirestore in Frameworks */,
				B813C1F928DF3A0E00B12D38 /* FirebaseStorage in Frameworks */,
				B8D46D5A28E3797A0033DC83 /* SDWebImage in Frameworks */,
				B813C1EF28DF3A0E00B12D38 /* FirebaseAuth in Frameworks */,
				B813C1F728DF3A0E00B12D38 /* FirebaseFirestoreSwift in Frameworks */,
			);
			runOnlyForDeploymentPostprocessing = 0;
		};
/* End PBXFrameworksBuildPhase section */

/* Begin PBXGroup section */
		B813C1C928DF38E900B12D38 = {
			isa = PBXGroup;
			children = (
				B813C1D428DF38E900B12D38 /* read-list */,
				B813C1D328DF38E900B12D38 /* Products */,
			);
			sourceTree = "<group>";
		};
		B813C1D328DF38E900B12D38 /* Products */ = {
			isa = PBXGroup;
			children = (
				B813C1D228DF38E900B12D38 /* read-list.app */,
			);
			name = Products;
			sourceTree = "<group>";
		};
		B813C1D428DF38E900B12D38 /* read-list */ = {
			isa = PBXGroup;
			children = (
				B813C1D528DF38E900B12D38 /* AppDelegate.swift */,
				B813C1D728DF38E900B12D38 /* SceneDelegate.swift */,
				B813C1D928DF38E900B12D38 /* ViewController.swift */,
				B813C1DB28DF38E900B12D38 /* Main.storyboard */,
				B8D46D5B28E37C6D0033DC83 /* Cell.swift */,
				B813C1DE28DF38EF00B12D38 /* Assets.xcassets */,
				B813C1E028DF38EF00B12D38 /* LaunchScreen.storyboard */,
				B813C1E328DF38EF00B12D38 /* Info.plist */,
				B813C20228DF446500B12D38 /* GoogleService-Info.plist */,
				B813C1FC28DF3DD100B12D38 /* FeedViewController.swift */,
				B813C1FE28DF3DE000B12D38 /* UploadViewController.swift */,
				B813C20028DF3DEC00B12D38 /* SettingsViewController.swift */,
			);
			path = "read-list";
			sourceTree = "<group>";
		};
/* End PBXGroup section */

/* Begin PBXNativeTarget section */
		B813C1D128DF38E900B12D38 /* read-list */ = {
			isa = PBXNativeTarget;
			buildConfigurationList = B813C1E628DF38EF00B12D38 /* Build configuration list for PBXNativeTarget "read-list" */;
			buildPhases = (
				B813C1CE28DF38E900B12D38 /* Sources */,
				B813C1CF28DF38E900B12D38 /* Frameworks */,
				B813C1D028DF38E900B12D38 /* Resources */,
			);
			buildRules = (
			);
			dependencies = (
			);
			name = "read-list";
			packageProductDependencies = (
				B813C1EC28DF3A0E00B12D38 /* FirebaseAppCheck */,
				B813C1EE28DF3A0E00B12D38 /* FirebaseAuth */,
				B813C1F028DF3A0E00B12D38 /* FirebaseDatabase */,
				B813C1F228DF3A0E00B12D38 /* FirebaseDatabaseSwift */,
				B813C1F428DF3A0E00B12D38 /* FirebaseFirestore */,
				B813C1F628DF3A0E00B12D38 /* FirebaseFirestoreSwift */,
				B813C1F828DF3A0E00B12D38 /* FirebaseStorage */,
				B813C1FA28DF3A0E00B12D38 /* FirebaseStorageCombine-Community */,
				B8D46D5928E3797A0033DC83 /* SDWebImage */,
			);
			productName = "read-list";
			productReference = B813C1D228DF38E900B12D38 /* read-list.app */;
			productType = "com.apple.product-type.application";
		};
/* End PBXNativeTarget section */

/* Begin PBXProject section */
		B813C1CA28DF38E900B12D38 /* Project object */ = {
			isa = PBXProject;
			attributes = {
				BuildIndependentTargetsInParallel = 1;
				LastSwiftUpdateCheck = 1330;
				LastUpgradeCheck = 1330;
				TargetAttributes = {
					B813C1D128DF38E900B12D38 = {
						CreatedOnToolsVersion = 13.3.1;
					};
				};
			};
			buildConfigurationList = B813C1CD28DF38E900B12D38 /* Build configuration list for PBXProject "read-list" */;
			compatibilityVersion = "Xcode 13.0";
			developmentRegion = en;
			hasScannedForEncodings = 0;
			knownRegions = (
				en,
				Base,
			);
			mainGroup = B813C1C928DF38E900B12D38;
			packageReferences = (
				B813C1EB28DF3A0E00B12D38 /* XCRemoteSwiftPackageReference "firebase-ios-sdk" */,
				B8D46D5828E3797A0033DC83 /* XCRemoteSwiftPackageReference "SDWebImage" */,
			);
			productRefGroup = B813C1D328DF38E900B12D38 /* Products */;
			projectDirPath = "";
			projectRoot = "";
			targets = (
				B813C1D128DF38E900B12D38 /* read-list */,
			);
		};
/* End PBXProject section */

/* Begin PBXResourcesBuildPhase section */
		B813C1D028DF38E900B12D38 /* Resources */ = {
			isa = PBXResourcesBuildPhase;
			buildActionMask = 2147483647;
			files = (
				B813C1E228DF38EF00B12D38 /* LaunchScreen.storyboard in Resources */,
				B813C20328DF446500B12D38 /* GoogleService-Info.plist in Resources */,
				B813C1DF28DF38EF00B12D38 /* Assets.xcassets in Resources */,
				B813C1DD28DF38E900B12D38 /* Main.storyboard in Resources */,
			);
			runOnlyForDeploymentPostprocessing = 0;
		};
/* End PBXResourcesBuildPhase section */

/* Begin PBXSourcesBuildPhase section */
		B813C1CE28DF38E900B12D38 /* Sources */ = {
			isa = PBXSourcesBuildPhase;
			buildActionMask = 2147483647;
			files = (
				B813C1DA28DF38E900B12D38 /* ViewController.swift in Sources */,
				B813C1FF28DF3DE000B12D38 /* UploadViewController.swift in Sources */,
				B8D46D5C28E37C6D0033DC83 /* Cell.swift in Sources */,
				B813C1D628DF38E900B12D38 /* AppDelegate.swift in Sources */,
				B813C1FD28DF3DD100B12D38 /* FeedViewController.swift in Sources */,
				B813C1D828DF38E900B12D38 /* SceneDelegate.swift in Sources */,
				B813C20128DF3DEC00B12D38 /* SettingsViewController.swift in Sources */,
			);
			runOnlyForDeploymentPostprocessing = 0;
		};
/* End PBXSourcesBuildPhase section */

/* Begin PBXVariantGroup section */
		B813C1DB28DF38E900B12D38 /* Main.storyboard */ = {
			isa = PBXVariantGroup;
			children = (
				B813C1DC28DF38E900B12D38 /* Base */,
			);
			name = Main.storyboard;
			sourceTree = "<group>";
		};
		B813C1E028DF38EF00B12D38 /* LaunchScreen.storyboard */ = {
			isa = PBXVariantGroup;
			children = (
				B813C1E128DF38EF00B12D38 /* Base */,
			);
			name = LaunchScreen.storyboard;
			sourceTree = "<group>";
		};
/* End PBXVariantGroup section */

/* Begin XCBuildConfiguration section */
		B813C1E428DF38EF00B12D38 /* Debug */ = {
			isa = XCBuildConfiguration;
			buildSettings = {
				ALWAYS_SEARCH_USER_PATHS = NO;
				CLANG_ANALYZER_NONNULL = YES;
				CLANG_ANALYZER_NUMBER_OBJECT_CONVERSION = YES_AGGRESSIVE;
				CLANG_CXX_LANGUAGE_STANDARD = "gnu++17";
				CLANG_ENABLE_MODULES = YES;
				CLANG_ENABLE_OBJC_ARC = YES;
				CLANG_ENABLE_OBJC_WEAK = YES;
				CLANG_WARN_BLOCK_CAPTURE_AUTORELEASING = YES;
				CLANG_WARN_BOOL_CONVERSION = YES;
				CLANG_WARN_COMMA = YES;
				CLANG_WARN_CONSTANT_CONVERSION = YES;
				CLANG_WARN_DEPRECATED_OBJC_IMPLEMENTATIONS = YES;
				CLANG_WARN_DIRECT_OBJC_ISA_USAGE = YES_ERROR;
				CLANG_WARN_DOCUMENTATION_COMMENTS = YES;
				CLANG_WARN_EMPTY_BODY = YES;
				CLANG_WARN_ENUM_CONVERSION = YES;
				CLANG_WARN_INFINITE_RECURSION = YES;
				CLANG_WARN_INT_CONVERSION = YES;
				CLANG_WARN_NON_LITERAL_NULL_CONVERSION = YES;
				CLANG_WARN_OBJC_IMPLICIT_RETAIN_SELF = YES;
				CLANG_WARN_OBJC_LITERAL_CONVERSION = YES;
				CLANG_WARN_OBJC_ROOT_CLASS = YES_ERROR;
				CLANG_WARN_QUOTED_INCLUDE_IN_FRAMEWORK_HEADER = YES;
				CLANG_WARN_RANGE_LOOP_ANALYSIS = YES;
				CLANG_WARN_STRICT_PROTOTYPES = YES;
				CLANG_WARN_SUSPICIOUS_MOVE = YES;
				CLANG_WARN_UNGUARDED_AVAILABILITY = YES_AGGRESSIVE;
				CLANG_WARN_UNREACHABLE_CODE = YES;
				CLANG_WARN__DUPLICATE_METHOD_MATCH = YES;
				COPY_PHASE_STRIP = NO;
				DEBUG_INFORMATION_FORMAT = dwarf;
				ENABLE_STRICT_OBJC_MSGSEND = YES;
				ENABLE_TESTABILITY = YES;
				GCC_C_LANGUAGE_STANDARD = gnu11;
				GCC_DYNAMIC_NO_PIC = NO;
				GCC_NO_COMMON_BLOCKS = YES;
				GCC_OPTIMIZATION_LEVEL = 0;
				GCC_PREPROCESSOR_DEFINITIONS = (
					"DEBUG=1",
					"$(inherited)",
				);
				GCC_WARN_64_TO_32_BIT_CONVERSION = YES;
				GCC_WARN_ABOUT_RETURN_TYPE = YES_ERROR;
				GCC_WARN_UNDECLARED_SELECTOR = YES;
				GCC_WARN_UNINITIALIZED_AUTOS = YES_AGGRESSIVE;
				GCC_WARN_UNUSED_FUNCTION = YES;
				GCC_WARN_UNUSED_VARIABLE = YES;
				IPHONEOS_DEPLOYMENT_TARGET = 15.4;
				MTL_ENABLE_DEBUG_INFO = INCLUDE_SOURCE;
				MTL_FAST_MATH = YES;
				ONLY_ACTIVE_ARCH = YES;
				SDKROOT = iphoneos;
				SWIFT_ACTIVE_COMPILATION_CONDITIONS = DEBUG;
				SWIFT_OPTIMIZATION_LEVEL = "-Onone";
			};
			name = Debug;
		};
		B813C1E528DF38EF00B12D38 /* Release */ = {
			isa = XCBuildConfiguration;
			buildSettings = {
				ALWAYS_SEARCH_USER_PATHS = NO;
				CLANG_ANALYZER_NONNULL = YES;
				CLANG_ANALYZER_NUMBER_OBJECT_CONVERSION = YES_AGGRESSIVE;
				CLANG_CXX_LANGUAGE_STANDARD = "gnu++17";
				CLANG_ENABLE_MODULES = YES;
				CLANG_ENABLE_OBJC_ARC = YES;
				CLANG_ENABLE_OBJC_WEAK = YES;
				CLANG_WARN_BLOCK_CAPTURE_AUTORELEASING = YES;
				CLANG_WARN_BOOL_CONVERSION = YES;
				CLANG_WARN_COMMA = YES;
				CLANG_WARN_CONSTANT_CONVERSION = YES;
				CLANG_WARN_DEPRECATED_OBJC_IMPLEMENTATIONS = YES;
				CLANG_WARN_DIRECT_OBJC_ISA_USAGE = YES_ERROR;
				CLANG_WARN_DOCUMENTATION_COMMENTS = YES;
				CLANG_WARN_EMPTY_BODY = YES;
				CLANG_WARN_ENUM_CONVERSION = YES;
				CLANG_WARN_INFINITE_RECURSION = YES;
				CLANG_WARN_INT_CONVERSION = YES;
				CLANG_WARN_NON_LITERAL_NULL_CONVERSION = YES;
				CLANG_WARN_OBJC_IMPLICIT_RETAIN_SELF = YES;
				CLANG_WARN_OBJC_LITERAL_CONVERSION = YES;
				CLANG_WARN_OBJC_ROOT_CLASS = YES_ERROR;
				CLANG_WARN_QUOTED_INCLUDE_IN_FRAMEWORK_HEADER = YES;
				CLANG_WARN_RANGE_LOOP_ANALYSIS = YES;
				CLANG_WARN_STRICT_PROTOTYPES = YES;
				CLANG_WARN_SUSPICIOUS_MOVE = YES;
				CLANG_WARN_UNGUARDED_AVAILABILITY = YES_AGGRESSIVE;
				CLANG_WARN_UNREACHABLE_CODE = YES;
				CLANG_WARN__DUPLICATE_METHOD_MATCH = YES;
				COPY_PHASE_STRIP = NO;
				DEBUG_INFORMATION_FORMAT = "dwarf-with-dsym";
				ENABLE_NS_ASSERTIONS = NO;
				ENABLE_STRICT_OBJC_MSGSEND = YES;
				GCC_C_LANGUAGE_STANDARD = gnu11;
				GCC_NO_COMMON_BLOCKS = YES;
				GCC_WARN_64_TO_32_BIT_CONVERSION = YES;
				GCC_WARN_ABOUT_RETURN_TYPE = YES_ERROR;
				GCC_WARN_UNDECLARED_SELECTOR = YES;
				GCC_WARN_UNINITIALIZED_AUTOS = YES_AGGRESSIVE;
				GCC_WARN_UNUSED_FUNCTION = YES;
				GCC_WARN_UNUSED_VARIABLE = YES;
				IPHONEOS_DEPLOYMENT_TARGET = 15.4;
				MTL_ENABLE_DEBUG_INFO = NO;
				MTL_FAST_MATH = YES;
				SDKROOT = iphoneos;
				SWIFT_COMPILATION_MODE = wholemodule;
				SWIFT_OPTIMIZATION_LEVEL = "-O";
				VALIDATE_PRODUCT = YES;
			};
			name = Release;
		};
		B813C1E728DF38EF00B12D38 /* Debug */ = {
			isa = XCBuildConfiguration;
			buildSettings = {
				ASSETCATALOG_COMPILER_APPICON_NAME = AppIcon;
				ASSETCATALOG_COMPILER_GLOBAL_ACCENT_COLOR_NAME = AccentColor;
				CODE_SIGN_STYLE = Automatic;
				CURRENT_PROJECT_VERSION = 1;
				GENERATE_INFOPLIST_FILE = YES;
				INFOPLIST_FILE = "read-list/Info.plist";
				INFOPLIST_KEY_UIApplicationSupportsIndirectInputEvents = YES;
				INFOPLIST_KEY_UILaunchStoryboardName = LaunchScreen;
				INFOPLIST_KEY_UIMainStoryboardFile = Main;
				INFOPLIST_KEY_UISupportedInterfaceOrientations_iPad = "UIInterfaceOrientationPortrait UIInterfaceOrientationPortraitUpsideDown UIInterfaceOrientationLandscapeLeft UIInterfaceOrientationLandscapeRight";
				INFOPLIST_KEY_UISupportedInterfaceOrientations_iPhone = "UIInterfaceOrientationPortrait UIInterfaceOrientationLandscapeLeft UIInterfaceOrientationLandscapeRight";
				LD_RUNPATH_SEARCH_PATHS = (
					"$(inherited)",
					"@executable_path/Frameworks",
				);
				MARKETING_VERSION = 1.0;
				PRODUCT_BUNDLE_IDENTIFIER = "com.suzun.read-list";
				PRODUCT_NAME = "$(TARGET_NAME)";
				SWIFT_EMIT_LOC_STRINGS = YES;
				SWIFT_VERSION = 5.0;
				TARGETED_DEVICE_FAMILY = "1,2";
			};
			name = Debug;
		};
		B813C1E828DF38EF00B12D38 /* Release */ = {
			isa = XCBuildConfiguration;
			buildSettings = {
				ASSETCATALOG_COMPILER_APPICON_NAME = AppIcon;
				ASSETCATALOG_COMPILER_GLOBAL_ACCENT_COLOR_NAME = AccentColor;
				CODE_SIGN_STYLE = Automatic;
				CURRENT_PROJECT_VERSION = 1;
				GENERATE_INFOPLIST_FILE = YES;
				INFOPLIST_FILE = "read-list/Info.plist";
				INFOPLIST_KEY_UIApplicationSupportsIndirectInputEvents = YES;
				INFOPLIST_KEY_UILaunchStoryboardName = LaunchScreen;
				INFOPLIST_KEY_UIMainStoryboardFile = Main;
				INFOPLIST_KEY_UISupportedInterfaceOrientations_iPad = "UIInterfaceOrientationPortrait UIInterfaceOrientationPortraitUpsideDown UIInterfaceOrientationLandscapeLeft UIInterfaceOrientationLandscapeRight";
				INFOPLIST_KEY_UISupportedInterfaceOrientations_iPhone = "UIInterfaceOrientationPortrait UIInterfaceOrientationLandscapeLeft UIInterfaceOrientationLandscapeRight";
				LD_RUNPATH_SEARCH_PATHS = (
					"$(inherited)",
					"@executable_path/Frameworks",
				);
				MARKETING_VERSION = 1.0;
				PRODUCT_BUNDLE_IDENTIFIER = "com.suzun.read-list";
				PRODUCT_NAME = "$(TARGET_NAME)";
				SWIFT_EMIT_LOC_STRINGS = YES;
				SWIFT_VERSION = 5.0;
				TARGETED_DEVICE_FAMILY = "1,2";
			};
			name = Release;
		};
/* End XCBuildConfiguration section */

/* Begin XCConfigurationList section */
		B813C1CD28DF38E900B12D38 /* Build configuration list for PBXProject "read-list" */ = {
			isa = XCConfigurationList;
			buildConfigurations = (
				B813C1E428DF38EF00B12D38 /* Debug */,
				B813C1E528DF38EF00B12D38 /* Release */,
			);
			defaultConfigurationIsVisible = 0;
			defaultConfigurationName = Release;
		};
		B813C1E628DF38EF00B12D38 /* Build configuration list for PBXNativeTarget "read-list" */ = {
			isa = XCConfigurationList;
			buildConfigurations = (
				B813C1E728DF38EF00B12D38 /* Debug */,
				B813C1E828DF38EF00B12D38 /* Release */,
			);
			defaultConfigurationIsVisible = 0;
			defaultConfigurationName = Release;
		};
/* End XCConfigurationList section */

/* Begin XCRemoteSwiftPackageReference section */
		B813C1EB28DF3A0E00B12D38 /* XCRemoteSwiftPackageReference "firebase-ios-sdk" */ = {
			isa = XCRemoteSwiftPackageReference;
			repositoryURL = "https://github.com/firebase/firebase-ios-sdk";
			requirement = {
				branch = master;
				kind = branch;
			};
		};
		B8D46D5828E3797A0033DC83 /* XCRemoteSwiftPackageReference "SDWebImage" */ = {
			isa = XCRemoteSwiftPackageReference;
			repositoryURL = "https://github.com/SDWebImage/SDWebImage";
			requirement = {
				branch = master;
				kind = branch;
			};
		};
/* End XCRemoteSwiftPackageReference section */

/* Begin XCSwiftPackageProductDependency section */
		B813C1EC28DF3A0E00B12D38 /* FirebaseAppCheck */ = {
			isa = XCSwiftPackageProductDependency;
			package = B813C1EB28DF3A0E00B12D38 /* XCRemoteSwiftPackageReference "firebase-ios-sdk" */;
			productName = FirebaseAppCheck;
		};
		B813C1EE28DF3A0E00B12D38 /* FirebaseAuth */ = {
			isa = XCSwiftPackageProductDependency;
			package = B813C1EB28DF3A0E00B12D38 /* XCRemoteSwiftPackageReference "firebase-ios-sdk" */;
			productName = FirebaseAuth;
		};
		B813C1F028DF3A0E00B12D38 /* FirebaseDatabase */ = {
			isa = XCSwiftPackageProductDependency;
			package = B813C1EB28DF3A0E00B12D38 /* XCRemoteSwiftPackageReference "firebase-ios-sdk" */;
			productName = FirebaseDatabase;
		};
		B813C1F228DF3A0E00B12D38 /* FirebaseDatabaseSwift */ = {
			isa = XCSwiftPackageProductDependency;
			package = B813C1EB28DF3A0E00B12D38 /* XCRemoteSwiftPackageReference "firebase-ios-sdk" */;
			productName = FirebaseDatabaseSwift;
		};
		B813C1F428DF3A0E00B12D38 /* FirebaseFirestore */ = {
			isa = XCSwiftPackageProductDependency;
			package = B813C1EB28DF3A0E00B12D38 /* XCRemoteSwiftPackageReference "firebase-ios-sdk" */;
			productName = FirebaseFirestore;
		};
		B813C1F628DF3A0E00B12D38 /* FirebaseFirestoreSwift */ = {
			isa = XCSwiftPackageProductDependency;
			package = B813C1EB28DF3A0E00B12D38 /* XCRemoteSwiftPackageReference "firebase-ios-sdk" */;
			productName = FirebaseFirestoreSwift;
		};
		B813C1F828DF3A0E00B12D38 /* FirebaseStorage */ = {
			isa = XCSwiftPackageProductDependency;
			package = B813C1EB28DF3A0E00B12D38 /* XCRemoteSwiftPackageReference "firebase-ios-sdk" */;
			productName = FirebaseStorage;
		};
		B813C1FA28DF3A0E00B12D38 /* FirebaseStorageCombine-Community */ = {
			isa = XCSwiftPackageProductDependency;
			package = B813C1EB28DF3A0E00B12D38 /* XCRemoteSwiftPackageReference "firebase-ios-sdk" */;
			productName = "FirebaseStorageCombine-Community";
		};
		B8D46D5928E3797A0033DC83 /* SDWebImage */ = {
			isa = XCSwiftPackageProductDependency;
			package = B8D46D5828E3797A0033DC83 /* XCRemoteSwiftPackageReference "SDWebImage" */;
			productName = SDWebImage;
		};
/* End XCSwiftPackageProductDependency section */
	};
	rootObject = B813C1CA28DF38E900B12D38 /* Project object */;
}
